
Microsoft Visual Studio Solution File, Format Version 12.00
# Visual Studio Version 16
VisualStudioVersion = 16.0.30204.135
MinimumVisualStudioVersion = 10.0.40219.1
Project("{FAE04EC0-301F-11D3-BF4B-00C04F79EFBC}") = "FileUploadClam", "FileUploadClam.csproj", "{B2EC8565-7C47-4DC7-B59A-11D80CB575AE}"
EndProject
Global
	GlobalSection(SolutionConfigurationPlatforms) = preSolution
		Debug|Any CPU = Debug|Any CPU
		Release|Any CPU = Release|Any CPU
	EndGlobalSection
	GlobalSection(ProjectConfigurationPlatforms) = postSolution
		{B2EC8565-7C47-4DC7-B59A-11D80CB575AE}.Debug|Any CPU.ActiveCfg = Debug|Any CPU
		{B2EC8565-7C47-4DC7-B59A-11D80CB575AE}.Debug|Any CPU.Build.0 = Debug|Any CPU
		{B2EC8565-7C47-4DC7-B59A-11D80CB575AE}.Release|Any CPU.ActiveCfg = Release|Any CPU
		{B2EC8565-7C47-4DC7-B59A-11D80CB575AE}.Release|Any CPU.Build.0 = Release|Any CPU
	EndGlobalSection
	GlobalSection(SolutionProperties) = preSolution
		HideSolutionNode = FALSE
	EndGlobalSection
	GlobalSection(ExtensibilityGlobals) = postSolution
		SolutionGuid = {A640C4F9-2C29-462A-AD10-5EE4CA87E692}
	EndGlobalSection
EndGlobal
